<Solution>
  <Folder Name="/Solution Items/" />
  <Project Path="DataLayer/DataLayer.csproj" Id="0005a190-58cb-4087-bc86-088ea5393b79" />
  <Project Path="EntityLayer/EntityLayer.csproj" Id="455a0783-378d-4fda-b103-d352aed8cc74" />
  <Project Path="TestLayer/TestLayer.csproj" Id="369114b1-73c4-4d6b-a7f7-394dbd741c88" />
</Solution>
